
Microsoft Visual Studio Solution File, Format Version 12.00
# Visual Studio Version 16
VisualStudioVersion = 16.0.29503.13
MinimumVisualStudioVersion = 10.0.40219.1
Project("{FAE04EC0-301F-11D3-BF4B-00C04F79EFBC}") = "SOHTSFormm", "SOHTSFormm\SOHTSFormm.csproj", "{9CCEA8CE-8437-4DD0-8F78-EF2222E21C32}"
EndProject
Project("{FAE04EC0-301F-11D3-BF4B-00C04F79EFBC}") = "DataAccessL", "DataAccessL\DataAccessL.csproj", "{F342EDCE-B9E2-460E-A66A-5DACA170977C}"
EndProject
Project("{FAE04EC0-301F-11D3-BF4B-00C04F79EFBC}") = "DomainL", "DomainL\DomainL.csproj", "{ED252BA3-7E38-4D20-8DA3-209686E94D03}"
EndProject
Global
	GlobalSection(SolutionConfigurationPlatforms) = preSolution
		Debug|Any CPU = Debug|Any CPU
		Release|Any CPU = Release|Any CPU
	EndGlobalSection
	GlobalSection(ProjectConfigurationPlatforms) = postSolution
		{9CCEA8CE-8437-4DD0-8F78-EF2222E21C32}.Debug|Any CPU.ActiveCfg = Debug|Any CPU
		{9CCEA8CE-8437-4DD0-8F78-EF2222E21C32}.Debug|Any CPU.Build.0 = Debug|Any CPU
		{9CCEA8CE-8437-4DD0-8F78-EF2222E21C32}.Release|Any CPU.ActiveCfg = Release|Any CPU
		{9CCEA8CE-8437-4DD0-8F78-EF2222E21C32}.Release|Any CPU.Build.0 = Release|Any CPU
		{F342EDCE-B9E2-460E-A66A-5DACA170977C}.Debug|Any CPU.ActiveCfg = Debug|Any CPU
		{F342EDCE-B9E2-460E-A66A-5DACA170977C}.Debug|Any CPU.Build.0 = Debug|Any CPU
		{F342EDCE-B9E2-460E-A66A-5DACA170977C}.Release|Any CPU.ActiveCfg = Release|Any CPU
		{F342EDCE-B9E2-460E-A66A-5DACA170977C}.Release|Any CPU.Build.0 = Release|Any CPU
		{ED252BA3-7E38-4D20-8DA3-209686E94D03}.Debug|Any CPU.ActiveCfg = Debug|Any CPU
		{ED252BA3-7E38-4D20-8DA3-209686E94D03}.Debug|Any CPU.Build.0 = Debug|Any CPU
		{ED252BA3-7E38-4D20-8DA3-209686E94D03}.Release|Any CPU.ActiveCfg = Release|Any CPU
		{ED252BA3-7E38-4D20-8DA3-209686E94D03}.Release|Any CPU.Build.0 = Release|Any CPU
	EndGlobalSection
	GlobalSection(SolutionProperties) = preSolution
		HideSolutionNode = FALSE
	EndGlobalSection
	GlobalSection(ExtensibilityGlobals) = postSolution
		SolutionGuid = {49626315-6B40-4593-BA39-9C9E7BBE0FAF}
	EndGlobalSection
EndGlobal
